
Microsoft Visual Studio Solution File, Format Version 12.00
# Visual Studio Version 17
VisualStudioVersion = 17.9.34701.34
MinimumVisualStudioVersion = 10.0.40219.1
Project("{FAE04EC0-301F-11D3-BF4B-00C04F79EFBC}") = "TvcDay05Model", "TvcDay05Model.csproj", "{17D9C9F7-DEA4-485C-9E29-36C0C56556E6}"
EndProject
Global
	GlobalSection(SolutionConfigurationPlatforms) = preSolution
		Debug|Any CPU = Debug|Any CPU
		Release|Any CPU = Release|Any CPU
	EndGlobalSection
	GlobalSection(ProjectConfigurationPlatforms) = postSolution
		{17D9C9F7-DEA4-485C-9E29-36C0C56556E6}.Debug|Any CPU.ActiveCfg = Debug|Any CPU
		{17D9C9F7-DEA4-485C-9E29-36C0C56556E6}.Debug|Any CPU.Build.0 = Debug|Any CPU
		{17D9C9F7-DEA4-485C-9E29-36C0C56556E6}.Release|Any CPU.ActiveCfg = Release|Any CPU
		{17D9C9F7-DEA4-485C-9E29-36C0C56556E6}.Release|Any CPU.Build.0 = Release|Any CPU
	EndGlobalSection
	GlobalSection(SolutionProperties) = preSolution
		HideSolutionNode = FALSE
	EndGlobalSection
	GlobalSection(ExtensibilityGlobals) = postSolution
		SolutionGuid = {22EFC1B7-243D-40EA-B2B9-F632B5E897D2}
	EndGlobalSection
EndGlobal
