
Microsoft Visual Studio Solution File, Format Version 12.00
# Visual Studio Version 17
VisualStudioVersion = 17.9.34701.34
MinimumVisualStudioVersion = 10.0.40219.1
Project("{FAE04EC0-301F-11D3-BF4B-00C04F79EFBC}") = "TvcDay04Layout", "TvcDay04Layout.csproj", "{15093A16-D833-486B-AFDA-997DAEEDD59F}"
EndProject
Global
	GlobalSection(SolutionConfigurationPlatforms) = preSolution
		Debug|Any CPU = Debug|Any CPU
		Release|Any CPU = Release|Any CPU
	EndGlobalSection
	GlobalSection(ProjectConfigurationPlatforms) = postSolution
		{15093A16-D833-486B-AFDA-997DAEEDD59F}.Debug|Any CPU.ActiveCfg = Debug|Any CPU
		{15093A16-D833-486B-AFDA-997DAEEDD59F}.Debug|Any CPU.Build.0 = Debug|Any CPU
		{15093A16-D833-486B-AFDA-997DAEEDD59F}.Release|Any CPU.ActiveCfg = Release|Any CPU
		{15093A16-D833-486B-AFDA-997DAEEDD59F}.Release|Any CPU.Build.0 = Release|Any CPU
	EndGlobalSection
	GlobalSection(SolutionProperties) = preSolution
		HideSolutionNode = FALSE
	EndGlobalSection
	GlobalSection(ExtensibilityGlobals) = postSolution
		SolutionGuid = {7E8098FF-2DAE-4AB7-A3C8-6BFF2F269D72}
	EndGlobalSection
EndGlobal
